
Microsoft Visual Studio Solution File, Format Version 12.00
# Visual Studio Version 16
VisualStudioVersion = 16.0.29728.190
MinimumVisualStudioVersion = 10.0.40219.1
Project("{FAE04EC0-301F-11D3-BF4B-00C04F79EFBC}") = "AlgebraMatricial", "AlgebraMatricial.csproj", "{B6BFAB8A-C696-4CD2-ABB9-46FCA4C88B3B}"
EndProject
Global
	GlobalSection(SolutionConfigurationPlatforms) = preSolution
		Debug|Any CPU = Debug|Any CPU
		Release|Any CPU = Release|Any CPU
	EndGlobalSection
	GlobalSection(ProjectConfigurationPlatforms) = postSolution
		{B6BFAB8A-C696-4CD2-ABB9-46FCA4C88B3B}.Debug|Any CPU.ActiveCfg = Debug|Any CPU
		{B6BFAB8A-C696-4CD2-ABB9-46FCA4C88B3B}.Debug|Any CPU.Build.0 = Debug|Any CPU
		{B6BFAB8A-C696-4CD2-ABB9-46FCA4C88B3B}.Release|Any CPU.ActiveCfg = Release|Any CPU
		{B6BFAB8A-C696-4CD2-ABB9-46FCA4C88B3B}.Release|Any CPU.Build.0 = Release|Any CPU
	EndGlobalSection
	GlobalSection(SolutionProperties) = preSolution
		HideSolutionNode = FALSE
	EndGlobalSection
	GlobalSection(ExtensibilityGlobals) = postSolution
		SolutionGuid = {C53CE53E-3EAD-4135-BB84-62CFC948D1D7}
	EndGlobalSection
EndGlobal
